{
  "name": "org-stats",
  "version": "1.0.0",
  "lockfileVersion": 1,
  "requires": true,
  "dependencies": {
    "github-graphql-api": {
      "version": "1.0.6",
      "resolved": "https://registry.npmjs.org/github-graphql-api/-/github-graphql-api-1.0.6.tgz",
      "integrity": "sha512-Oe/+7WQup22g0aIv+S7YyIbXvOujfVl6I1t8+NFfwjfcEarDXWDOup3VplOiRs/ezDP+uB/WTEk7p4cVWAGXSQ=="
    },
    "lodash": {
      "version": "4.17.10",
      "resolved": "https://registry.npmjs.org/lodash/-/lodash-4.17.10.tgz",
      "integrity": "sha512-UejweD1pDoXu+AD825lWwp4ZGtSwgnpZxb3JDViD7StjQz+Nb/6l093lx4OQ0foGWNRoc19mWy7BzL+UAK2iVg=="
    },
    "prettier": {
      "version": "1.14.2",
      "resolved": "https://registry.npmjs.org/prettier/-/prettier-1.14.2.tgz",
      "integrity": "sha512-McHPg0n1pIke+A/4VcaS2en+pTNjy4xF+Uuq86u/5dyDO59/TtFZtQ708QIRkEZ3qwKz3GVkVa6mpxK/CpB8Rg==",
      "dev": true
    }
  }
}
